{
  "version": "1",
  "sources": {
    "git-hooks.nix": {
      "type": "GitHub",
      "fetchType": "tarball",
      "owner": "cachix",
      "repo": "git-hooks.nix",
      "branch": "master",
      "revision": "43b3c1ab9d40fb1dbb008f451988a91e375825e9",
      "url": "https://github.com/cachix/git-hooks.nix/archive/43b3c1ab9d40fb1dbb008f451988a91e375825e9.tar.gz",
      "hash": "sha256-ReRHaLgr/uVqdD8afFSn+myXIfpHeOhP0yYe0TJqAA8="
    },
    "nix-actions": {
      "type": "Git",
      "fetchType": "git",
      "branch": "sprinkles-v2",
      "revision": "ee20e040ca3b79ec0f8a099b6a5a1ee43062cb23",
      "url": "https://git.afnix.fr/afnix/nix-actions",
      "hash": "sha256-dwNsbixVRbxqw2dILtQixubWGTaheeC+MnCJVajr+iM=",
      "lastModified": 1782830860,
      "submodules": false
    },
    "nix-reuse": {
      "type": "Git",
      "fetchType": "git",
      "branch": "sprinkles-v2",
      "revision": "6ca1d9b61e481df51a0697c54917e0cb0fc8a0f3",
      "url": "https://git.afnix.fr/afnix/nix-reuse.git",
      "hash": "sha256-9TAvk5T3+d9cTxsGDWe+N1Gao9pp37qNyYqCLGUD98M=",
      "lastModified": 1782828953,
      "submodules": false
    },
    "nixpkgs": {
      "type": "Tarball",
      "fetchType": "tarball",
      "origin": "https://channels.nixos.org/nixos-unstable-small/nixexprs.tar.xz",
      "revision": "8f4f7ae8c3c8fddf517782b653903d11f89b5c87",
      "url": "https://releases.nixos.org/nixos/unstable-small/nixos-26.11pre1053268.8f4f7ae8c3c8/nixexprs.tar.xz?rev=8f4f7ae8c3c8fddf517782b653903d11f89b5c87&lastModified=1786581322",
      "hash": "sha256-sGBYdsRw0uTAH+tIA1v4DOA9lgfMw5as3lrc32ilS6E="
    },
    "sprinkles": {
      "type": "Git",
      "fetchType": "git",
      "branch": "v1",
      "revision": "a81c85e678a839118ec764b5c91ae6a3b76dbef0",
      "url": "https://git.afnix.fr/sprinkles/sprinkles.git",
      "hash": "sha256-xdcbZe8jyDFIOO2vmH2zR/XIv5JZBEitYDdQM/S6mfQ=",
      "lastModified": 1776230271,
      "submodules": false
    }
  }
}
